// !$*UTF8*$!
{
	archiveVersion = 1;
	classes = {
	};
	objectVersion = 46;
	objects = {

/* Begin PBXBuildFile section */
		1266F26518FEC1260079C1FF /* Foundation.framework in Frameworks */ = {isa = PBXBuildFile; fileRef = 1266F26418FEC1260079C1FF /* Foundation.framework */; };
		1266F26718FEC1260079C1FF /* CoreGraphics.framework in Frameworks */ = {isa = PBXBuildFile; fileRef = 1266F26618FEC1260079C1FF /* CoreGraphics.framework */; };
		1266F26918FEC1260079C1FF /* UIKit.framework in Frameworks */ = {isa = PBXBuildFile; fileRef = 1266F26818FEC1260079C1FF /* UIKit.framework */; };
		1266F26F18FEC1260079C1FF /* InfoPlist.strings in Resources */ = {isa = PBXBuildFile; fileRef = 1266F26D18FEC1260079C1FF /* InfoPlist.strings */; };
		1266F27118FEC1260079C1FF /* main.m in Sources */ = {isa = PBXBuildFile; fileRef = 1266F27018FEC1260079C1FF /* main.m */; };
		1266F27518FEC1260079C1FF /* DDAppDelegate.m in Sources */ = {isa = PBXBuildFile; fileRef = 1266F27418FEC1260079C1FF /* DDAppDelegate.m */; };
		1266F27818FEC1260079C1FF /* Main.storyboard in Resources */ = {isa = PBXBuildFile; fileRef = 1266F27618FEC1260079C1FF /* Main.storyboard */; };
		1266F27B18FEC1260079C1FF /* DDViewController.m in Sources */ = {isa = PBXBuildFile; fileRef = 1266F27A18FEC1260079C1FF /* DDViewController.m */; };
		1266F27D18FEC1260079C1FF /* Images.xcassets in Resources */ = {isa = PBXBuildFile; fileRef = 1266F27C18FEC1260079C1FF /* Images.xcassets */; };
		1266F28418FEC1260079C1FF /* XCTest.framework in Frameworks */ = {isa = PBXBuildFile; fileRef = 1266F28318FEC1260079C1FF /* XCTest.framework */; };
		1266F28518FEC1260079C1FF /* Foundation.framework in Frameworks */ = {isa = PBXBuildFile; fileRef = 1266F26418FEC1260079C1FF /* Foundation.framework */; };
		1266F28618FEC1260079C1FF /* UIKit.framework in Frameworks */ = {isa = PBXBuildFile; fileRef = 1266F26818FEC1260079C1FF /* UIKit.framework */; };
		1266F28E18FEC1260079C1FF /* InfoPlist.strings in Resources */ = {isa = PBXBuildFile; fileRef = 1266F28C18FEC1260079C1FF /* InfoPlist.strings */; };
		1266F29018FEC1260079C1FF /* UITableViewController_Challgence_SolutionTests.m in Sources */ = {isa = PBXBuildFile; fileRef = 1266F28F18FEC1260079C1FF /* UITableViewController_Challgence_SolutionTests.m */; };
/* End PBXBuildFile section */

/* Begin PBXContainerItemProxy section */
		1266F28718FEC1260079C1FF /* PBXContainerItemProxy */ = {
			isa = PBXContainerItemProxy;
			containerPortal = 1266F25918FEC1260079C1FF /* Project object */;
			proxyType = 1;
			remoteGlobalIDString = 1266F26018FEC1260079C1FF;
			remoteInfo = "UITableViewController Challgence Solution";
		};
/* End PBXContainerItemProxy section */

/* Begin PBXFileReference section */
		1266F26118FEC1260079C1FF /* UITableViewController Challgence Solution.app */ = {isa = PBXFileReference; explicitFileType = wrapper.application; includeInIndex = 0; path = "UITableViewController Challgence Solution.app"; sourceTree = BUILT_PRODUCTS_DIR; };
		1266F26418FEC1260079C1FF /* Foundation.framework */ = {isa = PBXFileReference; lastKnownFileType = wrapper.framework; name = Foundation.framework; path = System/Library/Frameworks/Foundation.framework; sourceTree = SDKROOT; };
		1266F26618FEC1260079C1FF /* CoreGraphics.framework */ = {isa = PBXFileReference; lastKnownFileType = wrapper.framework; name = CoreGraphics.framework; path = System/Library/Frameworks/CoreGraphics.framework; sourceTree = SDKROOT; };
		1266F26818FEC1260079C1FF /* UIKit.framework */ = {isa = PBXFileReference; lastKnownFileType = wrapper.framework; name = UIKit.framework; path = System/Library/Frameworks/UIKit.framework; sourceTree = SDKROOT; };
		1266F26C18FEC1260079C1FF /* UITableViewController Challgence Solution-Info.plist */ = {isa = PBXFileReference; lastKnownFileType = text.plist.xml; path = "UITableViewController Challgence Solution-Info.plist"; sourceTree = "<group>"; };
		1266F26E18FEC1260079C1FF /* en */ = {isa = PBXFileReference; lastKnownFileType = text.plist.strings; name = en; path = en.lproj/InfoPlist.strings; sourceTree = "<group>"; };
		1266F27018FEC1260079C1FF /* main.m */ = {isa = PBXFileReference; lastKnownFileType = sourcecode.c.objc; path = main.m; sourceTree = "<group>"; };
		1266F27218FEC1260079C1FF /* UITableViewController Challgence Solution-Prefix.pch */ = {isa = PBXFileReference; lastKnownFileType = sourcecode.c.h; path = "UITableViewController Challgence Solution-Prefix.pch"; sourceTree = "<group>"; };
		1266F27318FEC1260079C1FF /* DDAppDelegate.h */ = {isa = PBXFileReference; lastKnownFileType = sourcecode.c.h; path = DDAppDelegate.h; sourceTree = "<group>"; };
		1266F27418FEC1260079C1FF /* DDAppDelegate.m */ = {isa = PBXFileReference; lastKnownFileType = sourcecode.c.objc; path = DDAppDelegate.m; sourceTree = "<group>"; };
		1266F27718FEC1260079C1FF /* Base */ = {isa = PBXFileReference; lastKnownFileType = file.storyboard; name = Base; path = Base.lproj/Main.storyboard; sourceTree = "<group>"; };
		1266F27918FEC1260079C1FF /* DDViewController.h */ = {isa = PBXFileReference; lastKnownFileType = sourcecode.c.h; path = DDViewController.h; sourceTree = "<group>"; };
		1266F27A18FEC1260079C1FF /* DDViewController.m */ = {isa = PBXFileReference; lastKnownFileType = sourcecode.c.objc; path = DDViewController.m; sourceTree = "<group>"; };
		1266F27C18FEC1260079C1FF /* Images.xcassets */ = {isa = PBXFileReference; lastKnownFileType = folder.assetcatalog; path = Images.xcassets; sourceTree = "<group>"; };
		1266F28218FEC1260079C1FF /* UITableViewController Challgence SolutionTests.xctest */ = {isa = PBXFileReference; explicitFileType = wrapper.cfbundle; includeInIndex = 0; path = "UITableViewController Challgence SolutionTests.xctest"; sourceTree = BUILT_PRODUCTS_DIR; };
		1266F28318FEC1260079C1FF /* XCTest.framework */ = {isa = PBXFileReference; lastKnownFileType = wrapper.framework; name = XCTest.framework; path = Library/Frameworks/XCTest.framework; sourceTree = DEVELOPER_DIR; };
		1266F28B18FEC1260079C1FF /* UITableViewController Challgence SolutionTests-Info.plist */ = {isa = PBXFileReference; lastKnownFileType = text.plist.xml; path = "UITableViewController Challgence SolutionTests-Info.plist"; sourceTree = "<group>"; };
		1266F28D18FEC1260079C1FF /* en */ = {isa = PBXFileReference; lastKnownFileType = text.plist.strings; name = en; path = en.lproj/InfoPlist.strings; sourceTree = "<group>"; };
		1266F28F18FEC1260079C1FF /* UITableViewController_Challgence_SolutionTests.m */ = {isa = PBXFileReference; lastKnownFileType = sourcecode.c.objc; path = UITableViewController_Challgence_SolutionTests.m; sourceTree = "<group>"; };
/* End PBXFileReference section */

/* Begin PBXFrameworksBuildPhase section */
		1266F25E18FEC1260079C1FF /* Frameworks */ = {
			isa = PBXFrameworksBuildPhase;
			buildActionMask = 2147483647;
			files = (
				1266F26718FEC1260079C1FF /* CoreGraphics.framework in Frameworks */,
				1266F26918FEC1260079C1FF /* UIKit.framework in Frameworks */,
				1266F26518FEC1260079C1FF /* Foundation.framework in Frameworks */,
			);
			runOnlyForDeploymentPostprocessing = 0;
		};
		1266F27F18FEC1260079C1FF /* Frameworks */ = {
			isa = PBXFrameworksBuildPhase;
			buildActionMask = 2147483647;
			files = (
				1266F28418FEC1260079C1FF /* XCTest.framework in Frameworks */,
				1266F28618FEC1260079C1FF /* UIKit.framework in Frameworks */,
				1266F28518FEC1260079C1FF /* Foundation.framework in Frameworks */,
			);
			runOnlyForDeploymentPostprocessing = 0;
		};
/* End PBXFrameworksBuildPhase section */

/* Begin PBXGroup section */
		1266F25818FEC1260079C1FF = {
			isa = PBXGroup;
			children = (
				1266F26A18FEC1260079C1FF /* UITableViewController Challgence Solution */,
				1266F28918FEC1260079C1FF /* UITableViewController Challgence SolutionTests */,
				1266F26318FEC1260079C1FF /* Frameworks */,
				1266F26218FEC1260079C1FF /* Products */,
			);
			sourceTree = "<group>";
		};
		1266F26218FEC1260079C1FF /* Products */ = {
			isa = PBXGroup;
			children = (
				1266F26118FEC1260079C1FF /* UITableViewController Challgence Solution.app */,
				1266F28218FEC1260079C1FF /* UITableViewController Challgence SolutionTests.xctest */,
			);
			name = Products;
			sourceTree = "<group>";
		};
		1266F26318FEC1260079C1FF /* Frameworks */ = {
			isa = PBXGroup;
			children = (
				1266F26418FEC1260079C1FF /* Foundation.framework */,
				1266F26618FEC1260079C1FF /* CoreGraphics.framework */,
				1266F26818FEC1260079C1FF /* UIKit.framework */,
				1266F28318FEC1260079C1FF /* XCTest.framework */,
			);
			name = Frameworks;
			sourceTree = "<group>";
		};
		1266F26A18FEC1260079C1FF /* UITableViewController Challgence Solution */ = {
			isa = PBXGroup;
			children = (
				1266F27318FEC1260079C1FF /* DDAppDelegate.h */,
				1266F27418FEC1260079C1FF /* DDAppDelegate.m */,
				1266F27618FEC1260079C1FF /* Main.storyboard */,
				1266F27918FEC1260079C1FF /* DDViewController.h */,
				1266F27A18FEC1260079C1FF /* DDViewController.m */,
				1266F27C18FEC1260079C1FF /* Images.xcassets */,
				1266F26B18FEC1260079C1FF /* Supporting Files */,
			);
			path = "UITableViewController Challgence Solution";
			sourceTree = "<group>";
		};
		1266F26B18FEC1260079C1FF /* Supporting Files */ = {
			isa = PBXGroup;
			children = (
				1266F26C18FEC1260079C1FF /* UITableViewController Challgence Solution-Info.plist */,
				1266F26D18FEC1260079C1FF /* InfoPlist.strings */,
				1266F27018FEC1260079C1FF /* main.m */,
				1266F27218FEC1260079C1FF /* UITableViewController Challgence Solution-Prefix.pch */,
			);
			name = "Supporting Files";
			sourceTree = "<group>";
		};
		1266F28918FEC1260079C1FF /* UITableViewController Challgence SolutionTests */ = {
			isa = PBXGroup;
			children = (
				1266F28F18FEC1260079C1FF /* UITableViewController_Challgence_SolutionTests.m */,
				1266F28A18FEC1260079C1FF /* Supporting Files */,
			);
			path = "UITableViewController Challgence SolutionTests";
			sourceTree = "<group>";
		};
		1266F28A18FEC1260079C1FF /* Supporting Files */ = {
			isa = PBXGroup;
			children = (
				1266F28B18FEC1260079C1FF /* UITableViewController Challgence SolutionTests-Info.plist */,
				1266F28C18FEC1260079C1FF /* InfoPlist.strings */,
			);
			name = "Supporting Files";
			sourceTree = "<group>";
		};
/* End PBXGroup section */

/* Begin PBXNativeTarget section */
		1266F26018FEC1260079C1FF /* UITableViewController Challgence Solution */ = {
			isa = PBXNativeTarget;
			buildConfigurationList = 1266F29318FEC1260079C1FF /* Build configuration list for PBXNativeTarget "UITableViewController Challgence Solution" */;
			buildPhases = (
				1266F25D18FEC1260079C1FF /* Sources */,
				1266F25E18FEC1260079C1FF /* Frameworks */,
				1266F25F18FEC1260079C1FF /* Resources */,
			);
			buildRules = (
			);
			dependencies = (
			);
			name = "UITableViewController Challgence Solution";
			productName = "UITableViewController Challgence Solution";
			productReference = 1266F26118FEC1260079C1FF /* UITableViewController Challgence Solution.app */;
			productType = "com.apple.product-type.application";
		};
		1266F28118FEC1260079C1FF /* UITableViewController Challgence SolutionTests */ = {
			isa = PBXNativeTarget;
			buildConfigurationList = 1266F29618FEC1260079C1FF /* Build configuration list for PBXNativeTarget "UITableViewController Challgence SolutionTests" */;
			buildPhases = (
				1266F27E18FEC1260079C1FF /* Sources */,
				1266F27F18FEC1260079C1FF /* Frameworks */,
				1266F28018FEC1260079C1FF /* Resources */,
			);
			buildRules = (
			);
			dependencies = (
				1266F28818FEC1260079C1FF /* PBXTargetDependency */,
			);
			name = "UITableViewController Challgence SolutionTests";
			productName = "UITableViewController Challgence SolutionTests";
			productReference = 1266F28218FEC1260079C1FF /* UITableViewController Challgence SolutionTests.xctest */;
			productType = "com.apple.product-type.bundle.unit-test";
		};
/* End PBXNativeTarget section */

/* Begin PBXProject section */
		1266F25918FEC1260079C1FF /* Project object */ = {
			isa = PBXProject;
			attributes = {
				CLASSPREFIX = DD;
				LastUpgradeCheck = 0510;
				ORGANIZATIONNAME = "Humble Education";
				TargetAttributes = {
					1266F28118FEC1260079C1FF = {
						TestTargetID = 1266F26018FEC1260079C1FF;
					};
				};
			};
			buildConfigurationList = 1266F25C18FEC1260079C1FF /* Build configuration list for PBXProject "UITableViewController Challgence Solution" */;
			compatibilityVersion = "Xcode 3.2";
			developmentRegion = English;
			hasScannedForEncodings = 0;
			knownRegions = (
				en,
				Base,
			);
			mainGroup = 1266F25818FEC1260079C1FF;
			productRefGroup = 1266F26218FEC1260079C1FF /* Products */;
			projectDirPath = "";
			projectRoot = "";
			targets = (
				1266F26018FEC1260079C1FF /* UITableViewController Challgence Solution */,
				1266F28118FEC1260079C1FF /* UITableViewController Challgence SolutionTests */,
			);
		};
/* End PBXProject section */

/* Begin PBXResourcesBuildPhase section */
		1266F25F18FEC1260079C1FF /* Resources */ = {
			isa = PBXResourcesBuildPhase;
			buildActionMask = 2147483647;
			files = (
				1266F27D18FEC1260079C1FF /* Images.xcassets in Resources */,
				1266F26F18FEC1260079C1FF /* InfoPlist.strings in Resources */,
				1266F27818FEC1260079C1FF /* Main.storyboard in Resources */,
			);
			runOnlyForDeploymentPostprocessing = 0;
		};
		1266F28018FEC1260079C1FF /* Resources */ = {
			isa = PBXResourcesBuildPhase;
			buildActionMask = 2147483647;
			files = (
				1266F28E18FEC1260079C1FF /* InfoPlist.strings in Resources */,
			);
			runOnlyForDeploymentPostprocessing = 0;
		};
/* End PBXResourcesBuildPhase section */

/* Begin PBXSourcesBuildPhase section */
		1266F25D18FEC1260079C1FF /* Sources */ = {
			isa = PBXSourcesBuildPhase;
			buildActionMask = 2147483647;
			files = (
				1266F27518FEC1260079C1FF /* DDAppDelegate.m in Sources */,
				1266F27B18FEC1260079C1FF /* DDViewController.m in Sources */,
				1266F27118FEC1260079C1FF /* main.m in Sources */,
			);
			runOnlyForDeploymentPostprocessing = 0;
		};
		1266F27E18FEC1260079C1FF /* Sources */ = {
			isa = PBXSourcesBuildPhase;
			buildActionMask = 2147483647;
			files = (
				1266F29018FEC1260079C1FF /* UITableViewController_Challgence_SolutionTests.m in Sources */,
			);
			runOnlyForDeploymentPostprocessing = 0;
		};
/* End PBXSourcesBuildPhase section */

/* Begin PBXTargetDependency section */
		1266F28818FEC1260079C1FF /* PBXTargetDependency */ = {
			isa = PBXTargetDependency;
			target = 1266F26018FEC1260079C1FF /* UITableViewController Challgence Solution */;
			targetProxy = 1266F28718FEC1260079C1FF /* PBXContainerItemProxy */;
		};
/* End PBXTargetDependency section */

/* Begin PBXVariantGroup section */
		1266F26D18FEC1260079C1FF /* InfoPlist.strings */ = {
			isa = PBXVariantGroup;
			children = (
				1266F26E18FEC1260079C1FF /* en */,
			);
			name = InfoPlist.strings;
			sourceTree = "<group>";
		};
		1266F27618FEC1260079C1FF /* Main.storyboard */ = {
			isa = PBXVariantGroup;
			children = (
				1266F27718FEC1260079C1FF /* Base */,
			);
			name = Main.storyboard;
			sourceTree = "<group>";
		};
		1266F28C18FEC1260079C1FF /* InfoPlist.strings */ = {
			isa = PBXVariantGroup;
			children = (
				1266F28D18FEC1260079C1FF /* en */,
			);
			name = InfoPlist.strings;
			sourceTree = "<group>";
		};
/* End PBXVariantGroup section */

/* Begin XCBuildConfiguration section */
		1266F29118FEC1260079C1FF /* Debug */ = {
			isa = XCBuildConfiguration;
			buildSettings = {
				ALWAYS_SEARCH_USER_PATHS = NO;
				CLANG_CXX_LANGUAGE_STANDARD = "gnu++0x";
				CLANG_CXX_LIBRARY = "libc++";
				CLANG_ENABLE_MODULES = YES;
				CLANG_ENABLE_OBJC_ARC = YES;
				CLANG_WARN_BOOL_CONVERSION = YES;
				CLANG_WARN_CONSTANT_CONVERSION = YES;
				CLANG_WARN_DIRECT_OBJC_ISA_USAGE = YES_ERROR;
				CLANG_WARN_EMPTY_BODY = YES;
				CLANG_WARN_ENUM_CONVERSION = YES;
				CLANG_WARN_INT_CONVERSION = YES;
				CLANG_WARN_OBJC_ROOT_CLASS = YES_ERROR;
				CLANG_WARN__DUPLICATE_METHOD_MATCH = YES;
				"CODE_SIGN_IDENTITY[sdk=iphoneos*]" = "iPhone Developer";
				COPY_PHASE_STRIP = NO;
				GCC_C_LANGUAGE_STANDARD = gnu99;
				GCC_DYNAMIC_NO_PIC = NO;
				GCC_OPTIMIZATION_LEVEL = 0;
				GCC_PREPROCESSOR_DEFINITIONS = (
					"DEBUG=1",
					"$(inherited)",
				);
				GCC_SYMBOLS_PRIVATE_EXTERN = NO;
				GCC_WARN_64_TO_32_BIT_CONVERSION = YES;
				GCC_WARN_ABOUT_RETURN_TYPE = YES_ERROR;
				GCC_WARN_UNDECLARED_SELECTOR = YES;
				GCC_WARN_UNINITIALIZED_AUTOS = YES_AGGRESSIVE;
				GCC_WARN_UNUSED_FUNCTION = YES;
				GCC_WARN_UNUSED_VARIABLE = YES;
				IPHONEOS_DEPLOYMENT_TARGET = 7.1;
				ONLY_ACTIVE_ARCH = YES;
				SDKROOT = iphoneos;
			};
			name = Debug;
		};
		1266F29218FEC1260079C1FF /* Release */ = {
			isa = XCBuildConfiguration;
			buildSettings = {
				ALWAYS_SEARCH_USER_PATHS = NO;
				CLANG_CXX_LANGUAGE_STANDARD = "gnu++0x";
				CLANG_CXX_LIBRARY = "libc++";
				CLANG_ENABLE_MODULES = YES;
				CLANG_ENABLE_OBJC_ARC = YES;
				CLANG_WARN_BOOL_CONVERSION = YES;
				CLANG_WARN_CONSTANT_CONVERSION = YES;
				CLANG_WARN_DIRECT_OBJC_ISA_USAGE = YES_ERROR;
				CLANG_WARN_EMPTY_BODY = YES;
				CLANG_WARN_ENUM_CONVERSION = YES;
				CLANG_WARN_INT_CONVERSION = YES;
				CLANG_WARN_OBJC_ROOT_CLASS = YES_ERROR;
				CLANG_WARN__DUPLICATE_METHOD_MATCH = YES;
				"CODE_SIGN_IDENTITY[sdk=iphoneos*]" = "iPhone Developer";
				COPY_PHASE_STRIP = YES;
				ENABLE_NS_ASSERTIONS = NO;
				GCC_C_LANGUAGE_STANDARD = gnu99;
				GCC_WARN_64_TO_32_BIT_CONVERSION = YES;
				GCC_WARN_ABOUT_RETURN_TYPE = YES_ERROR;
				GCC_WARN_UNDECLARED_SELECTOR = YES;
				GCC_WARN_UNINITIALIZED_AUTOS = YES_AGGRESSIVE;
				GCC_WARN_UNUSED_FUNCTION = YES;
				GCC_WARN_UNUSED_VARIABLE = YES;
				IPHONEOS_DEPLOYMENT_TARGET = 7.1;
				SDKROOT = iphoneos;
				VALIDATE_PRODUCT = YES;
			};
			name = Release;
		};
		1266F29418FEC1260079C1FF /* Debug */ = {
			isa = XCBuildConfiguration;
			buildSettings = {
				ASSETCATALOG_COMPILER_APPICON_NAME = AppIcon;
				ASSETCATALOG_COMPILER_LAUNCHIMAGE_NAME = LaunchImage;
				GCC_PRECOMPILE_PREFIX_HEADER = YES;
				GCC_PREFIX_HEADER = "UITableViewController Challgence Solution/UITableViewController Challgence Solution-Prefix.pch";
				INFOPLIST_FILE = "UITableViewController Challgence Solution/UITableViewController Challgence Solution-Info.plist";
				PRODUCT_NAME = "$(TARGET_NAME)";
				WRAPPER_EXTENSION = app;
			};
			name = Debug;
		};
		1266F29518FEC1260079C1FF /* Release */ = {
			isa = XCBuildConfiguration;
			buildSettings = {
				ASSETCATALOG_COMPILER_APPICON_NAME = AppIcon;
				ASSETCATALOG_COMPILER_LAUNCHIMAGE_NAME = LaunchImage;
				GCC_PRECOMPILE_PREFIX_HEADER = YES;
				GCC_PREFIX_HEADER = "UITableViewController Challgence Solution/UITableViewController Challgence Solution-Prefix.pch";
				INFOPLIST_FILE = "UITableViewController Challgence Solution/UITableViewController Challgence Solution-Info.plist";
				PRODUCT_NAME = "$(TARGET_NAME)";
				WRAPPER_EXTENSION = app;
			};
			name = Release;
		};
		1266F29718FEC1260079C1FF /* Debug */ = {
			isa = XCBuildConfiguration;
			buildSettings = {
				BUNDLE_LOADER = "$(BUILT_PRODUCTS_DIR)/UITableViewController Challgence Solution.app/UITableViewController Challgence Solution";
				FRAMEWORK_SEARCH_PATHS = (
					"$(SDKROOT)/Developer/Library/Frameworks",
					"$(inherited)",
					"$(DEVELOPER_FRAMEWORKS_DIR)",
				);
				GCC_PRECOMPILE_PREFIX_HEADER = YES;
				GCC_PREFIX_HEADER = "UITableViewController Challgence Solution/UITableViewController Challgence Solution-Prefix.pch";
				GCC_PREPROCESSOR_DEFINITIONS = (
					"DEBUG=1",
					"$(inherited)",
				);
				INFOPLIST_FILE = "UITableViewController Challgence SolutionTests/UITableViewController Challgence SolutionTests-Info.plist";
				PRODUCT_NAME = "$(TARGET_NAME)";
				TEST_HOST = "$(BUNDLE_LOADER)";
				WRAPPER_EXTENSION = xctest;
			};
			name = Debug;
		};
		1266F29818FEC1260079C1FF /* Release */ = {
			isa = XCBuildConfiguration;
			buildSettings = {
				BUNDLE_LOADER = "$(BUILT_PRODUCTS_DIR)/UITableViewController Challgence Solution.app/UITableViewController Challgence Solution";
				FRAMEWORK_SEARCH_PATHS = (
					"$(SDKROOT)/Developer/Library/Frameworks",
					"$(inherited)",
					"$(DEVELOPER_FRAMEWORKS_DIR)",
				);
				GCC_PRECOMPILE_PREFIX_HEADER = YES;
				GCC_PREFIX_HEADER = "UITableViewController Challgence Solution/UITableViewController Challgence Solution-Prefix.pch";
				INFOPLIST_FILE = "UITableViewController Challgence SolutionTests/UITableViewController Challgence SolutionTests-Info.plist";
				PRODUCT_NAME = "$(TARGET_NAME)";
				TEST_HOST = "$(BUNDLE_LOADER)";
				WRAPPER_EXTENSION = xctest;
			};
			name = Release;
		};
/* End XCBuildConfiguration section */

/* Begin XCConfigurationList section */
		1266F25C18FEC1260079C1FF /* Build configuration list for PBXProject "UITableViewController Challgence Solution" */ = {
			isa = XCConfigurationList;
			buildConfigurations = (
				1266F29118FEC1260079C1FF /* Debug */,
				1266F29218FEC1260079C1FF /* Release */,
			);
			defaultConfigurationIsVisible = 0;
			defaultConfigurationName = Release;
		};
		1266F29318FEC1260079C1FF /* Build configuration list for PBXNativeTarget "UITableViewController Challgence Solution" */ = {
			isa = XCConfigurationList;
			buildConfigurations = (
				1266F29418FEC1260079C1FF /* Debug */,
				1266F29518FEC1260079C1FF /* Release */,
			);
			defaultConfigurationIsVisible = 0;
		};
		1266F29618FEC1260079C1FF /* Build configuration list for PBXNativeTarget "UITableViewController Challgence SolutionTests" */ = {
			isa = XCConfigurationList;
			buildConfigurations = (
				1266F29718FEC1260079C1FF /* Debug */,
				1266F29818FEC1260079C1FF /* Release */,
			);
			defaultConfigurationIsVisible = 0;
		};
/* End XCConfigurationList section */
	};
	rootObject = 1266F25918FEC1260079C1FF /* Project object */;
}
